
Microsoft Visual Studio Solution File, Format Version 12.00
# Visual Studio Version 17
VisualStudioVersion = 17.11.35327.3
MinimumVisualStudioVersion = 10.0.40219.1
Project("{FAE04EC0-301F-11D3-BF4B-00C04F79EFBC}") = "Fish", "Fish\Fish.csproj", "{10C8C12F-6015-4FFC-8B8E-E536C45B6747}"
EndProject
Global
	GlobalSection(SolutionConfigurationPlatforms) = preSolution
		Debug|Any CPU = Debug|Any CPU
		Release|Any CPU = Release|Any CPU
	EndGlobalSection
	GlobalSection(ProjectConfigurationPlatforms) = postSolution
		{10C8C12F-6015-4FFC-8B8E-E536C45B6747}.Debug|Any CPU.ActiveCfg = Debug|Any CPU
		{10C8C12F-6015-4FFC-8B8E-E536C45B6747}.Debug|Any CPU.Build.0 = Debug|Any CPU
		{10C8C12F-6015-4FFC-8B8E-E536C45B6747}.Release|Any CPU.ActiveCfg = Release|Any CPU
		{10C8C12F-6015-4FFC-8B8E-E536C45B6747}.Release|Any CPU.Build.0 = Release|Any CPU
	EndGlobalSection
	GlobalSection(SolutionProperties) = preSolution
		HideSolutionNode = FALSE
	EndGlobalSection
	GlobalSection(ExtensibilityGlobals) = postSolution
		SolutionGuid = {3F48B3BE-ABB6-449C-A7EE-7309A717BB87}
	EndGlobalSection
EndGlobal
